
Microsoft Visual Studio Solution File, Format Version 12.00
# Visual Studio Version 17
VisualStudioVersion = 17.4.33103.184
MinimumVisualStudioVersion = 10.0.40219.1
Project("{9A19103F-16F7-4668-BE54-9A1E7A4F7556}") = "CTDay6", "CTDay6\CTDay6.csproj", "{ADE55DDB-34B3-41F6-979B-F015BD43F987}"
EndProject
Global
	GlobalSection(SolutionConfigurationPlatforms) = preSolution
		Debug|Any CPU = Debug|Any CPU
		Release|Any CPU = Release|Any CPU
	EndGlobalSection
	GlobalSection(ProjectConfigurationPlatforms) = postSolution
		{ADE55DDB-34B3-41F6-979B-F015BD43F987}.Debug|Any CPU.ActiveCfg = Debug|Any CPU
		{ADE55DDB-34B3-41F6-979B-F015BD43F987}.Debug|Any CPU.Build.0 = Debug|Any CPU
		{ADE55DDB-34B3-41F6-979B-F015BD43F987}.Release|Any CPU.ActiveCfg = Release|Any CPU
		{ADE55DDB-34B3-41F6-979B-F015BD43F987}.Release|Any CPU.Build.0 = Release|Any CPU
	EndGlobalSection
	GlobalSection(SolutionProperties) = preSolution
		HideSolutionNode = FALSE
	EndGlobalSection
	GlobalSection(ExtensibilityGlobals) = postSolution
		SolutionGuid = {7B9D705F-02BF-46A3-B27E-CC032E6FAB8B}
	EndGlobalSection
EndGlobal
